
Microsoft Visual Studio Solution File, Format Version 12.00
# Visual Studio 15
VisualStudioVersion = 15.0.28307.168
MinimumVisualStudioVersion = 10.0.40219.1
Project("{FAE04EC0-301F-11D3-BF4B-00C04F79EFBC}") = "Boole.Antt.Client", "Boole.Antt.Client.csproj", "{978F1BE4-3C0F-4333-AF22-7C009B3CAD1E}"
EndProject
Project("{FAE04EC0-301F-11D3-BF4B-00C04F79EFBC}") = "Boole.Antt.Client.Tests", "..\Boole.Antt.Client.Tests\Boole.Antt.Client.Tests.csproj", "{AB3A9FBB-80C1-48CE-9C03-7E53F108D500}"
EndProject
Project("{2150E333-8FDC-42A3-9474-1A3956D46DE8}") = "Tests", "Tests", "{1AC48ED4-34FC-4806-B4A2-C9A536AE16DA}"
EndProject
Global
	GlobalSection(SolutionConfigurationPlatforms) = preSolution
		Debug|Any CPU = Debug|Any CPU
		Release|Any CPU = Release|Any CPU
	EndGlobalSection
	GlobalSection(ProjectConfigurationPlatforms) = postSolution
		{978F1BE4-3C0F-4333-AF22-7C009B3CAD1E}.Debug|Any CPU.ActiveCfg = Debug|Any CPU
		{978F1BE4-3C0F-4333-AF22-7C009B3CAD1E}.Debug|Any CPU.Build.0 = Debug|Any CPU
		{978F1BE4-3C0F-4333-AF22-7C009B3CAD1E}.Release|Any CPU.ActiveCfg = Release|Any CPU
		{978F1BE4-3C0F-4333-AF22-7C009B3CAD1E}.Release|Any CPU.Build.0 = Release|Any CPU
		{AB3A9FBB-80C1-48CE-9C03-7E53F108D500}.Debug|Any CPU.ActiveCfg = Debug|Any CPU
		{AB3A9FBB-80C1-48CE-9C03-7E53F108D500}.Debug|Any CPU.Build.0 = Debug|Any CPU
		{AB3A9FBB-80C1-48CE-9C03-7E53F108D500}.Release|Any CPU.ActiveCfg = Release|Any CPU
		{AB3A9FBB-80C1-48CE-9C03-7E53F108D500}.Release|Any CPU.Build.0 = Release|Any CPU
	EndGlobalSection
	GlobalSection(SolutionProperties) = preSolution
		HideSolutionNode = FALSE
	EndGlobalSection
	GlobalSection(NestedProjects) = preSolution
		{AB3A9FBB-80C1-48CE-9C03-7E53F108D500} = {1AC48ED4-34FC-4806-B4A2-C9A536AE16DA}
	EndGlobalSection
	GlobalSection(ExtensibilityGlobals) = postSolution
		SolutionGuid = {3E0348BF-F2B9-48DC-AA59-8AECA70EF2A0}
	EndGlobalSection
EndGlobal
